
Microsoft Visual Studio Solution File, Format Version 12.00
# Visual Studio Version 16
VisualStudioVersion = 16.0.29519.181
MinimumVisualStudioVersion = 10.0.40219.1
Project("{2150E333-8FDC-42A3-9474-1A3956D46DE8}") = "Libraries", "Libraries", "{670316FA-DA78-4782-9290-693D049B1457}"
EndProject
Project("{2150E333-8FDC-42A3-9474-1A3956D46DE8}") = "Tests", "Tests", "{1530161A-3D77-4B33-977B-1999901D8DC3}"
EndProject
Project("{9A19103F-16F7-4668-BE54-9A1E7A4F7556}") = "Sop.Data.Tests", "..\src\Tests\Sop.Data.Tests\Sop.Data.Tests.csproj", "{E029D138-76B6-4132-9B7B-67C63A26264D}"
EndProject
Project("{9A19103F-16F7-4668-BE54-9A1E7A4F7556}") = "Sop.Data", "..\src\Libraries\Sop.Data\Sop.Data.csproj", "{E2E33456-A67A-433B-A693-0EB8E6CA9D90}"
EndProject
Project("{FAE04EC0-301F-11D3-BF4B-00C04F79EFBC}") = "AspNetCoreExample", "AspNetCoreExample\AspNetCoreExample.csproj", "{D670B587-71EB-4D25-9C0D-EB4AB8E647AB}"
EndProject
Global
	GlobalSection(SolutionConfigurationPlatforms) = preSolution
		Debug|Any CPU = Debug|Any CPU
		Release|Any CPU = Release|Any CPU
	EndGlobalSection
	GlobalSection(ProjectConfigurationPlatforms) = postSolution
		{E029D138-76B6-4132-9B7B-67C63A26264D}.Debug|Any CPU.ActiveCfg = Debug|Any CPU
		{E029D138-76B6-4132-9B7B-67C63A26264D}.Debug|Any CPU.Build.0 = Debug|Any CPU
		{E029D138-76B6-4132-9B7B-67C63A26264D}.Release|Any CPU.ActiveCfg = Release|Any CPU
		{E029D138-76B6-4132-9B7B-67C63A26264D}.Release|Any CPU.Build.0 = Release|Any CPU
		{E2E33456-A67A-433B-A693-0EB8E6CA9D90}.Debug|Any CPU.ActiveCfg = Debug|Any CPU
		{E2E33456-A67A-433B-A693-0EB8E6CA9D90}.Debug|Any CPU.Build.0 = Debug|Any CPU
		{E2E33456-A67A-433B-A693-0EB8E6CA9D90}.Release|Any CPU.ActiveCfg = Release|Any CPU
		{E2E33456-A67A-433B-A693-0EB8E6CA9D90}.Release|Any CPU.Build.0 = Release|Any CPU
		{D670B587-71EB-4D25-9C0D-EB4AB8E647AB}.Debug|Any CPU.ActiveCfg = Debug|Any CPU
		{D670B587-71EB-4D25-9C0D-EB4AB8E647AB}.Debug|Any CPU.Build.0 = Debug|Any CPU
		{D670B587-71EB-4D25-9C0D-EB4AB8E647AB}.Release|Any CPU.ActiveCfg = Release|Any CPU
		{D670B587-71EB-4D25-9C0D-EB4AB8E647AB}.Release|Any CPU.Build.0 = Release|Any CPU
	EndGlobalSection
	GlobalSection(SolutionProperties) = preSolution
		HideSolutionNode = FALSE
	EndGlobalSection
	GlobalSection(NestedProjects) = preSolution
		{E029D138-76B6-4132-9B7B-67C63A26264D} = {1530161A-3D77-4B33-977B-1999901D8DC3}
		{E2E33456-A67A-433B-A693-0EB8E6CA9D90} = {670316FA-DA78-4782-9290-693D049B1457}
	EndGlobalSection
	GlobalSection(ExtensibilityGlobals) = postSolution
		SolutionGuid = {AAEF3F63-680A-497D-AB07-A1A21B89BDEA}
	EndGlobalSection
EndGlobal
