
Microsoft Visual Studio Solution File, Format Version 12.00
# Visual Studio Version 16
VisualStudioVersion = 16.0.29519.181
MinimumVisualStudioVersion = 10.0.40219.1
Project("{9A19103F-16F7-4668-BE54-9A1E7A4F7556}") = "AspNetCoreExample", "AspNetCoreExample\AspNetCoreExample.csproj", "{D670B587-71EB-4D25-9C0D-EB4AB8E647AB}"
EndProject
Global
	GlobalSection(SolutionConfigurationPlatforms) = preSolution
		Debug|Any CPU = Debug|Any CPU
		Release|Any CPU = Release|Any CPU
	EndGlobalSection
	GlobalSection(ProjectConfigurationPlatforms) = postSolution
		{D670B587-71EB-4D25-9C0D-EB4AB8E647AB}.Debug|Any CPU.ActiveCfg = Debug|Any CPU
		{D670B587-71EB-4D25-9C0D-EB4AB8E647AB}.Debug|Any CPU.Build.0 = Debug|Any CPU
		{D670B587-71EB-4D25-9C0D-EB4AB8E647AB}.Release|Any CPU.ActiveCfg = Release|Any CPU
		{D670B587-71EB-4D25-9C0D-EB4AB8E647AB}.Release|Any CPU.Build.0 = Release|Any CPU
	EndGlobalSection
	GlobalSection(SolutionProperties) = preSolution
		HideSolutionNode = FALSE
	EndGlobalSection
	GlobalSection(ExtensibilityGlobals) = postSolution
		SolutionGuid = {AAEF3F63-680A-497D-AB07-A1A21B89BDEA}
	EndGlobalSection
EndGlobal
